
Microsoft Visual Studio Solution File, Format Version 12.00
# Visual Studio Version 17
VisualStudioVersion = 17.14.36408.4
MinimumVisualStudioVersion = 10.0.40219.1
Project("{FAE04EC0-301F-11D3-BF4B-00C04F79EFBC}") = "ServiciosEducativosComunitarios", "ServiciosEducativosComunitarios\ServiciosEducativosComunitarios.csproj", "{AA954F82-6370-4283-A8FF-D91AF35113DC}"
EndProject
Global
	GlobalSection(SolutionConfigurationPlatforms) = preSolution
		Debug|Any CPU = Debug|Any CPU
		Release|Any CPU = Release|Any CPU
	EndGlobalSection
	GlobalSection(ProjectConfigurationPlatforms) = postSolution
		{AA954F82-6370-4283-A8FF-D91AF35113DC}.Debug|Any CPU.ActiveCfg = Debug|Any CPU
		{AA954F82-6370-4283-A8FF-D91AF35113DC}.Debug|Any CPU.Build.0 = Debug|Any CPU
		{AA954F82-6370-4283-A8FF-D91AF35113DC}.Release|Any CPU.ActiveCfg = Release|Any CPU
		{AA954F82-6370-4283-A8FF-D91AF35113DC}.Release|Any CPU.Build.0 = Release|Any CPU
	EndGlobalSection
	GlobalSection(SolutionProperties) = preSolution
		HideSolutionNode = FALSE
	EndGlobalSection
	GlobalSection(ExtensibilityGlobals) = postSolution
		SolutionGuid = {A84039E0-F7AE-43CB-A95A-754ADB8FA3FB}
	EndGlobalSection
EndGlobal
